
Microsoft Visual Studio Solution File, Format Version 12.00
# Visual Studio 15
VisualStudioVersion = 15.0.28307.1082
MinimumVisualStudioVersion = 10.0.40219.1
Project("{FAE04EC0-301F-11D3-BF4B-00C04F79EFBC}") = "ReadImage", "ReadImage\ReadImage.csproj", "{CA1DCFC4-6AA6-4B62-81B6-E6A33E80E042}"
EndProject
Global
	GlobalSection(SolutionConfigurationPlatforms) = preSolution
		Debug|Any CPU = Debug|Any CPU
		Debug|x64 = Debug|x64
		Release|Any CPU = Release|Any CPU
		Release|x64 = Release|x64
	EndGlobalSection
	GlobalSection(ProjectConfigurationPlatforms) = postSolution
		{CA1DCFC4-6AA6-4B62-81B6-E6A33E80E042}.Debug|Any CPU.ActiveCfg = Debug|Any CPU
		{CA1DCFC4-6AA6-4B62-81B6-E6A33E80E042}.Debug|Any CPU.Build.0 = Debug|Any CPU
		{CA1DCFC4-6AA6-4B62-81B6-E6A33E80E042}.Debug|x64.ActiveCfg = Debug|x64
		{CA1DCFC4-6AA6-4B62-81B6-E6A33E80E042}.Debug|x64.Build.0 = Debug|x64
		{CA1DCFC4-6AA6-4B62-81B6-E6A33E80E042}.Release|Any CPU.ActiveCfg = Release|Any CPU
		{CA1DCFC4-6AA6-4B62-81B6-E6A33E80E042}.Release|Any CPU.Build.0 = Release|Any CPU
		{CA1DCFC4-6AA6-4B62-81B6-E6A33E80E042}.Release|x64.ActiveCfg = Release|x64
		{CA1DCFC4-6AA6-4B62-81B6-E6A33E80E042}.Release|x64.Build.0 = Release|x64
	EndGlobalSection
	GlobalSection(SolutionProperties) = preSolution
		HideSolutionNode = FALSE
	EndGlobalSection
	GlobalSection(ExtensibilityGlobals) = postSolution
		SolutionGuid = {E7188C6A-8EF7-4923-9374-4CA5CF6267CD}
	EndGlobalSection
EndGlobal
